// !$*UTF8*$!
{
	archiveVersion = 1;
	classes = {
	};
	objectVersion = 55;
	objects = {

/* Begin PBXBuildFile section */
		0AAD0DDB28CC80330047591B /* AppDelegate.swift in Sources */ = {isa = PBXBuildFile; fileRef = 0AAD0DDA28CC80330047591B /* AppDelegate.swift */; };
		0AAD0DDD28CC80330047591B /* SceneDelegate.swift in Sources */ = {isa = PBXBuildFile; fileRef = 0AAD0DDC28CC80330047591B /* SceneDelegate.swift */; };
		0AAD0DDF28CC80330047591B /* ViewController.swift in Sources */ = {isa = PBXBuildFile; fileRef = 0AAD0DDE28CC80330047591B /* ViewController.swift */; };
		0AAD0DE228CC80330047591B /* Main.storyboard in Resources */ = {isa = PBXBuildFile; fileRef = 0AAD0DE028CC80330047591B /* Main.storyboard */; };
		0AAD0DE428CC80350047591B /* Assets.xcassets in Resources */ = {isa = PBXBuildFile; fileRef = 0AAD0DE328CC80350047591B /* Assets.xcassets */; };
		0AAD0DE728CC80350047591B /* LaunchScreen.storyboard in Resources */ = {isa = PBXBuildFile; fileRef = 0AAD0DE528CC80350047591B /* LaunchScreen.storyboard */; };
		0AAD0DF228CC80360047591B /* a_gg_tidTests.swift in Sources */ = {isa = PBXBuildFile; fileRef = 0AAD0DF128CC80360047591B /* a_gg_tidTests.swift */; };
		0AAD0DFC28CC80360047591B /* a_gg_tidUITests.swift in Sources */ = {isa = PBXBuildFile; fileRef = 0AAD0DFB28CC80360047591B /* a_gg_tidUITests.swift */; };
		0AAD0DFE28CC80360047591B /* a_gg_tidUITestsLaunchTests.swift in Sources */ = {isa = PBXBuildFile; fileRef = 0AAD0DFD28CC80360047591B /* a_gg_tidUITestsLaunchTests.swift */; };
/* End PBXBuildFile section */

/* Begin PBXContainerItemProxy section */
		0AAD0DEE28CC80360047591B /* PBXContainerItemProxy */ = {
			isa = PBXContainerItemProxy;
			containerPortal = 0AAD0DCF28CC80330047591B /* Project object */;
			proxyType = 1;
			remoteGlobalIDString = 0AAD0DD628CC80330047591B;
			remoteInfo = "ägg tid";
		};
		0AAD0DF828CC80360047591B /* PBXContainerItemProxy */ = {
			isa = PBXContainerItemProxy;
			containerPortal = 0AAD0DCF28CC80330047591B /* Project object */;
			proxyType = 1;
			remoteGlobalIDString = 0AAD0DD628CC80330047591B;
			remoteInfo = "ägg tid";
		};
/* End PBXContainerItemProxy section */

/* Begin PBXFileReference section */
		0AAD0DD728CC80330047591B /* ägg tid.app */ = {isa = PBXFileReference; explicitFileType = wrapper.application; includeInIndex = 0; path = "ägg tid.app"; sourceTree = BUILT_PRODUCTS_DIR; };
		0AAD0DDA28CC80330047591B /* AppDelegate.swift */ = {isa = PBXFileReference; lastKnownFileType = sourcecode.swift; path = AppDelegate.swift; sourceTree = "<group>"; };
		0AAD0DDC28CC80330047591B /* SceneDelegate.swift */ = {isa = PBXFileReference; lastKnownFileType = sourcecode.swift; path = SceneDelegate.swift; sourceTree = "<group>"; };
		0AAD0DDE28CC80330047591B /* ViewController.swift */ = {isa = PBXFileReference; lastKnownFileType = sourcecode.swift; path = ViewController.swift; sourceTree = "<group>"; };
		0AAD0DE128CC80330047591B /* Base */ = {isa = PBXFileReference; lastKnownFileType = file.storyboard; name = Base; path = Base.lproj/Main.storyboard; sourceTree = "<group>"; };
		0AAD0DE328CC80350047591B /* Assets.xcassets */ = {isa = PBXFileReference; lastKnownFileType = folder.assetcatalog; path = Assets.xcassets; sourceTree = "<group>"; };
		0AAD0DE628CC80350047591B /* Base */ = {isa = PBXFileReference; lastKnownFileType = file.storyboard; name = Base; path = Base.lproj/LaunchScreen.storyboard; sourceTree = "<group>"; };
		0AAD0DE828CC80350047591B /* Info.plist */ = {isa = PBXFileReference; lastKnownFileType = text.plist.xml; path = Info.plist; sourceTree = "<group>"; };
		0AAD0DED28CC80360047591B /* ägg tidTests.xctest */ = {isa = PBXFileReference; explicitFileType = wrapper.cfbundle; includeInIndex = 0; path = "ägg tidTests.xctest"; sourceTree = BUILT_PRODUCTS_DIR; };
		0AAD0DF128CC80360047591B /* a_gg_tidTests.swift */ = {isa = PBXFileReference; lastKnownFileType = sourcecode.swift; path = a_gg_tidTests.swift; sourceTree = "<group>"; };
		0AAD0DF728CC80360047591B /* ägg tidUITests.xctest */ = {isa = PBXFileReference; explicitFileType = wrapper.cfbundle; includeInIndex = 0; path = "ägg tidUITests.xctest"; sourceTree = BUILT_PRODUCTS_DIR; };
		0AAD0DFB28CC80360047591B /* a_gg_tidUITests.swift */ = {isa = PBXFileReference; lastKnownFileType = sourcecode.swift; path = a_gg_tidUITests.swift; sourceTree = "<group>"; };
		0AAD0DFD28CC80360047591B /* a_gg_tidUITestsLaunchTests.swift */ = {isa = PBXFileReference; lastKnownFileType = sourcecode.swift; path = a_gg_tidUITestsLaunchTests.swift; sourceTree = "<group>"; };
/* End PBXFileReference section */

/* Begin PBXFrameworksBuildPhase section */
		0AAD0DD428CC80330047591B /* Frameworks */ = {
			isa = PBXFrameworksBuildPhase;
			buildActionMask = 2147483647;
			files = (
			);
			runOnlyForDeploymentPostprocessing = 0;
		};
		0AAD0DEA28CC80360047591B /* Frameworks */ = {
			isa = PBXFrameworksBuildPhase;
			buildActionMask = 2147483647;
			files = (
			);
			runOnlyForDeploymentPostprocessing = 0;
		};
		0AAD0DF428CC80360047591B /* Frameworks */ = {
			isa = PBXFrameworksBuildPhase;
			buildActionMask = 2147483647;
			files = (
			);
			runOnlyForDeploymentPostprocessing = 0;
		};
/* End PBXFrameworksBuildPhase section */

/* Begin PBXGroup section */
		0AAD0DCE28CC80330047591B = {
			isa = PBXGroup;
			children = (
				0AAD0DD928CC80330047591B /* ägg tid */,
				0AAD0DF028CC80360047591B /* ägg tidTests */,
				0AAD0DFA28CC80360047591B /* ägg tidUITests */,
				0AAD0DD828CC80330047591B /* Products */,
			);
			sourceTree = "<group>";
		};
		0AAD0DD828CC80330047591B /* Products */ = {
			isa = PBXGroup;
			children = (
				0AAD0DD728CC80330047591B /* ägg tid.app */,
				0AAD0DED28CC80360047591B /* ägg tidTests.xctest */,
				0AAD0DF728CC80360047591B /* ägg tidUITests.xctest */,
			);
			name = Products;
			sourceTree = "<group>";
		};
		0AAD0DD928CC80330047591B /* ägg tid */ = {
			isa = PBXGroup;
			children = (
				0AAD0DDA28CC80330047591B /* AppDelegate.swift */,
				0AAD0DDC28CC80330047591B /* SceneDelegate.swift */,
				0AAD0DDE28CC80330047591B /* ViewController.swift */,
				0AAD0DE028CC80330047591B /* Main.storyboard */,
				0AAD0DE328CC80350047591B /* Assets.xcassets */,
				0AAD0DE528CC80350047591B /* LaunchScreen.storyboard */,
				0AAD0DE828CC80350047591B /* Info.plist */,
			);
			path = "ägg tid";
			sourceTree = "<group>";
		};
		0AAD0DF028CC80360047591B /* ägg tidTests */ = {
			isa = PBXGroup;
			children = (
				0AAD0DF128CC80360047591B /* a_gg_tidTests.swift */,
			);
			path = "ägg tidTests";
			sourceTree = "<group>";
		};
		0AAD0DFA28CC80360047591B /* ägg tidUITests */ = {
			isa = PBXGroup;
			children = (
				0AAD0DFB28CC80360047591B /* a_gg_tidUITests.swift */,
				0AAD0DFD28CC80360047591B /* a_gg_tidUITestsLaunchTests.swift */,
			);
			path = "ägg tidUITests";
			sourceTree = "<group>";
		};
/* End PBXGroup section */

/* Begin PBXNativeTarget section */
		0AAD0DD628CC80330047591B /* ägg tid */ = {
			isa = PBXNativeTarget;
			buildConfigurationList = 0AAD0E0128CC80360047591B /* Build configuration list for PBXNativeTarget "ägg tid" */;
			buildPhases = (
				0AAD0DD328CC80330047591B /* Sources */,
				0AAD0DD428CC80330047591B /* Frameworks */,
				0AAD0DD528CC80330047591B /* Resources */,
			);
			buildRules = (
			);
			dependencies = (
			);
			name = "ägg tid";
			productName = "ägg tid";
			productReference = 0AAD0DD728CC80330047591B /* ägg tid.app */;
			productType = "com.apple.product-type.application";
		};
		0AAD0DEC28CC80360047591B /* ägg tidTests */ = {
			isa = PBXNativeTarget;
			buildConfigurationList = 0AAD0E0428CC80360047591B /* Build configuration list for PBXNativeTarget "ägg tidTests" */;
			buildPhases = (
				0AAD0DE928CC80360047591B /* Sources */,
				0AAD0DEA28CC80360047591B /* Frameworks */,
				0AAD0DEB28CC80360047591B /* Resources */,
			);
			buildRules = (
			);
			dependencies = (
				0AAD0DEF28CC80360047591B /* PBXTargetDependency */,
			);
			name = "ägg tidTests";
			productName = "ägg tidTests";
			productReference = 0AAD0DED28CC80360047591B /* ägg tidTests.xctest */;
			productType = "com.apple.product-type.bundle.unit-test";
		};
		0AAD0DF628CC80360047591B /* ägg tidUITests */ = {
			isa = PBXNativeTarget;
			buildConfigurationList = 0AAD0E0728CC80360047591B /* Build configuration list for PBXNativeTarget "ägg tidUITests" */;
			buildPhases = (
				0AAD0DF328CC80360047591B /* Sources */,
				0AAD0DF428CC80360047591B /* Frameworks */,
				0AAD0DF528CC80360047591B /* Resources */,
			);
			buildRules = (
			);
			dependencies = (
				0AAD0DF928CC80360047591B /* PBXTargetDependency */,
			);
			name = "ägg tidUITests";
			productName = "ägg tidUITests";
			productReference = 0AAD0DF728CC80360047591B /* ägg tidUITests.xctest */;
			productType = "com.apple.product-type.bundle.ui-testing";
		};
/* End PBXNativeTarget section */

/* Begin PBXProject section */
		0AAD0DCF28CC80330047591B /* Project object */ = {
			isa = PBXProject;
			attributes = {
				BuildIndependentTargetsInParallel = 1;
				LastSwiftUpdateCheck = 1340;
				LastUpgradeCheck = 1340;
				TargetAttributes = {
					0AAD0DD628CC80330047591B = {
						CreatedOnToolsVersion = 13.4.1;
					};
					0AAD0DEC28CC80360047591B = {
						CreatedOnToolsVersion = 13.4.1;
						TestTargetID = 0AAD0DD628CC80330047591B;
					};
					0AAD0DF628CC80360047591B = {
						CreatedOnToolsVersion = 13.4.1;
						TestTargetID = 0AAD0DD628CC80330047591B;
					};
				};
			};
			buildConfigurationList = 0AAD0DD228CC80330047591B /* Build configuration list for PBXProject "ägg tid" */;
			compatibilityVersion = "Xcode 13.0";
			developmentRegion = en;
			hasScannedForEncodings = 0;
			knownRegions = (
				en,
				Base,
			);
			mainGroup = 0AAD0DCE28CC80330047591B;
			productRefGroup = 0AAD0DD828CC80330047591B /* Products */;
			projectDirPath = "";
			projectRoot = "";
			targets = (
				0AAD0DD628CC80330047591B /* ägg tid */,
				0AAD0DEC28CC80360047591B /* ägg tidTests */,
				0AAD0DF628CC80360047591B /* ägg tidUITests */,
			);
		};
/* End PBXProject section */

/* Begin PBXResourcesBuildPhase section */
		0AAD0DD528CC80330047591B /* Resources */ = {
			isa = PBXResourcesBuildPhase;
			buildActionMask = 2147483647;
			files = (
				0AAD0DE728CC80350047591B /* LaunchScreen.storyboard in Resources */,
				0AAD0DE428CC80350047591B /* Assets.xcassets in Resources */,
				0AAD0DE228CC80330047591B /* Main.storyboard in Resources */,
			);
			runOnlyForDeploymentPostprocessing = 0;
		};
		0AAD0DEB28CC80360047591B /* Resources */ = {
			isa = PBXResourcesBuildPhase;
			buildActionMask = 2147483647;
			files = (
			);
			runOnlyForDeploymentPostprocessing = 0;
		};
		0AAD0DF528CC80360047591B /* Resources */ = {
			isa = PBXResourcesBuildPhase;
			buildActionMask = 2147483647;
			files = (
			);
			runOnlyForDeploymentPostprocessing = 0;
		};
/* End PBXResourcesBuildPhase section */

/* Begin PBXSourcesBuildPhase section */
		0AAD0DD328CC80330047591B /* Sources */ = {
			isa = PBXSourcesBuildPhase;
			buildActionMask = 2147483647;
			files = (
				0AAD0DDF28CC80330047591B /* ViewController.swift in Sources */,
				0AAD0DDB28CC80330047591B /* AppDelegate.swift in Sources */,
				0AAD0DDD28CC80330047591B /* SceneDelegate.swift in Sources */,
			);
			runOnlyForDeploymentPostprocessing = 0;
		};
		0AAD0DE928CC80360047591B /* Sources */ = {
			isa = PBXSourcesBuildPhase;
			buildActionMask = 2147483647;
			files = (
				0AAD0DF228CC80360047591B /* a_gg_tidTests.swift in Sources */,
			);
			runOnlyForDeploymentPostprocessing = 0;
		};
		0AAD0DF328CC80360047591B /* Sources */ = {
			isa = PBXSourcesBuildPhase;
			buildActionMask = 2147483647;
			files = (
				0AAD0DFE28CC80360047591B /* a_gg_tidUITestsLaunchTests.swift in Sources */,
				0AAD0DFC28CC80360047591B /* a_gg_tidUITests.swift in Sources */,
			);
			runOnlyForDeploymentPostprocessing = 0;
		};
/* End PBXSourcesBuildPhase section */

/* Begin PBXTargetDependency section */
		0AAD0DEF28CC80360047591B /* PBXTargetDependency */ = {
			isa = PBXTargetDependency;
			target = 0AAD0DD628CC80330047591B /* ägg tid */;
			targetProxy = 0AAD0DEE28CC80360047591B /* PBXContainerItemProxy */;
		};
		0AAD0DF928CC80360047591B /* PBXTargetDependency */ = {
			isa = PBXTargetDependency;
			target = 0AAD0DD628CC80330047591B /* ägg tid */;
			targetProxy = 0AAD0DF828CC80360047591B /* PBXContainerItemProxy */;
		};
/* End PBXTargetDependency section */

/* Begin PBXVariantGroup section */
		0AAD0DE028CC80330047591B /* Main.storyboard */ = {
			isa = PBXVariantGroup;
			children = (
				0AAD0DE128CC80330047591B /* Base */,
			);
			name = Main.storyboard;
			sourceTree = "<group>";
		};
		0AAD0DE528CC80350047591B /* LaunchScreen.storyboard */ = {
			isa = PBXVariantGroup;
			children = (
				0AAD0DE628CC80350047591B /* Base */,
			);
			name = LaunchScreen.storyboard;
			sourceTree = "<group>";
		};
/* End PBXVariantGroup section */

/* Begin XCBuildConfiguration section */
		0AAD0DFF28CC80360047591B /* Debug */ = {
			isa = XCBuildConfiguration;
			buildSettings = {
				ALWAYS_SEARCH_USER_PATHS = NO;
				CLANG_ANALYZER_NONNULL = YES;
				CLANG_ANALYZER_NUMBER_OBJECT_CONVERSION = YES_AGGRESSIVE;
				CLANG_CXX_LANGUAGE_STANDARD = "gnu++17";
				CLANG_ENABLE_MODULES = YES;
				CLANG_ENABLE_OBJC_ARC = YES;
				CLANG_ENABLE_OBJC_WEAK = YES;
				CLANG_WARN_BLOCK_CAPTURE_AUTORELEASING = YES;
				CLANG_WARN_BOOL_CONVERSION = YES;
				CLANG_WARN_COMMA = YES;
				CLANG_WARN_CONSTANT_CONVERSION = YES;
				CLANG_WARN_DEPRECATED_OBJC_IMPLEMENTATIONS = YES;
				CLANG_WARN_DIRECT_OBJC_ISA_USAGE = YES_ERROR;
				CLANG_WARN_DOCUMENTATION_COMMENTS = YES;
				CLANG_WARN_EMPTY_BODY = YES;
				CLANG_WARN_ENUM_CONVERSION = YES;
				CLANG_WARN_INFINITE_RECURSION = YES;
				CLANG_WARN_INT_CONVERSION = YES;
				CLANG_WARN_NON_LITERAL_NULL_CONVERSION = YES;
				CLANG_WARN_OBJC_IMPLICIT_RETAIN_SELF = YES;
				CLANG_WARN_OBJC_LITERAL_CONVERSION = YES;
				CLANG_WARN_OBJC_ROOT_CLASS = YES_ERROR;
				CLANG_WARN_QUOTED_INCLUDE_IN_FRAMEWORK_HEADER = YES;
				CLANG_WARN_RANGE_LOOP_ANALYSIS = YES;
				CLANG_WARN_STRICT_PROTOTYPES = YES;
				CLANG_WARN_SUSPICIOUS_MOVE = YES;
				CLANG_WARN_UNGUARDED_AVAILABILITY = YES_AGGRESSIVE;
				CLANG_WARN_UNREACHABLE_CODE = YES;
				CLANG_WARN__DUPLICATE_METHOD_MATCH = YES;
				COPY_PHASE_STRIP = NO;
				DEBUG_INFORMATION_FORMAT = dwarf;
				ENABLE_STRICT_OBJC_MSGSEND = YES;
				ENABLE_TESTABILITY = YES;
				GCC_C_LANGUAGE_STANDARD = gnu11;
				GCC_DYNAMIC_NO_PIC = NO;
				GCC_NO_COMMON_BLOCKS = YES;
				GCC_OPTIMIZATION_LEVEL = 0;
				GCC_PREPROCESSOR_DEFINITIONS = (
					"DEBUG=1",
					"$(inherited)",
				);
				GCC_WARN_64_TO_32_BIT_CONVERSION = YES;
				GCC_WARN_ABOUT_RETURN_TYPE = YES_ERROR;
				GCC_WARN_UNDECLARED_SELECTOR = YES;
				GCC_WARN_UNINITIALIZED_AUTOS = YES_AGGRESSIVE;
				GCC_WARN_UNUSED_FUNCTION = YES;
				GCC_WARN_UNUSED_VARIABLE = YES;
				IPHONEOS_DEPLOYMENT_TARGET = 15.5;
				MTL_ENABLE_DEBUG_INFO = INCLUDE_SOURCE;
				MTL_FAST_MATH = YES;
				ONLY_ACTIVE_ARCH = YES;
				SDKROOT = iphoneos;
				SWIFT_ACTIVE_COMPILATION_CONDITIONS = DEBUG;
				SWIFT_OPTIMIZATION_LEVEL = "-Onone";
			};
			name = Debug;
		};
		0AAD0E0028CC80360047591B /* Release */ = {
			isa = XCBuildConfiguration;
			buildSettings = {
				ALWAYS_SEARCH_USER_PATHS = NO;
				CLANG_ANALYZER_NONNULL = YES;
				CLANG_ANALYZER_NUMBER_OBJECT_CONVERSION = YES_AGGRESSIVE;
				CLANG_CXX_LANGUAGE_STANDARD = "gnu++17";
				CLANG_ENABLE_MODULES = YES;
				CLANG_ENABLE_OBJC_ARC = YES;
				CLANG_ENABLE_OBJC_WEAK = YES;
				CLANG_WARN_BLOCK_CAPTURE_AUTORELEASING = YES;
				CLANG_WARN_BOOL_CONVERSION = YES;
				CLANG_WARN_COMMA = YES;
				CLANG_WARN_CONSTANT_CONVERSION = YES;
				CLANG_WARN_DEPRECATED_OBJC_IMPLEMENTATIONS = YES;
				CLANG_WARN_DIRECT_OBJC_ISA_USAGE = YES_ERROR;
				CLANG_WARN_DOCUMENTATION_COMMENTS = YES;
				CLANG_WARN_EMPTY_BODY = YES;
				CLANG_WARN_ENUM_CONVERSION = YES;
				CLANG_WARN_INFINITE_RECURSION = YES;
				CLANG_WARN_INT_CONVERSION = YES;
				CLANG_WARN_NON_LITERAL_NULL_CONVERSION = YES;
				CLANG_WARN_OBJC_IMPLICIT_RETAIN_SELF = YES;
				CLANG_WARN_OBJC_LITERAL_CONVERSION = YES;
				CLANG_WARN_OBJC_ROOT_CLASS = YES_ERROR;
				CLANG_WARN_QUOTED_INCLUDE_IN_FRAMEWORK_HEADER = YES;
				CLANG_WARN_RANGE_LOOP_ANALYSIS = YES;
				CLANG_WARN_STRICT_PROTOTYPES = YES;
				CLANG_WARN_SUSPICIOUS_MOVE = YES;
				CLANG_WARN_UNGUARDED_AVAILABILITY = YES_AGGRESSIVE;
				CLANG_WARN_UNREACHABLE_CODE = YES;
				CLANG_WARN__DUPLICATE_METHOD_MATCH = YES;
				COPY_PHASE_STRIP = NO;
				DEBUG_INFORMATION_FORMAT = "dwarf-with-dsym";
				ENABLE_NS_ASSERTIONS = NO;
				ENABLE_STRICT_OBJC_MSGSEND = YES;
				GCC_C_LANGUAGE_STANDARD = gnu11;
				GCC_NO_COMMON_BLOCKS = YES;
				GCC_WARN_64_TO_32_BIT_CONVERSION = YES;
				GCC_WARN_ABOUT_RETURN_TYPE = YES_ERROR;
				GCC_WARN_UNDECLARED_SELECTOR = YES;
				GCC_WARN_UNINITIALIZED_AUTOS = YES_AGGRESSIVE;
				GCC_WARN_UNUSED_FUNCTION = YES;
				GCC_WARN_UNUSED_VARIABLE = YES;
				IPHONEOS_DEPLOYMENT_TARGET = 15.5;
				MTL_ENABLE_DEBUG_INFO = NO;
				MTL_FAST_MATH = YES;
				SDKROOT = iphoneos;
				SWIFT_COMPILATION_MODE = wholemodule;
				SWIFT_OPTIMIZATION_LEVEL = "-O";
				VALIDATE_PRODUCT = YES;
			};
			name = Release;
		};
		0AAD0E0228CC80360047591B /* Debug */ = {
			isa = XCBuildConfiguration;
			buildSettings = {
				ASSETCATALOG_COMPILER_APPICON_NAME = AppIcon;
				ASSETCATALOG_COMPILER_GLOBAL_ACCENT_COLOR_NAME = AccentColor;
				CODE_SIGN_STYLE = Automatic;
				CURRENT_PROJECT_VERSION = 1;
				GENERATE_INFOPLIST_FILE = YES;
				INFOPLIST_FILE = "ägg tid/Info.plist";
				INFOPLIST_KEY_UIApplicationSupportsIndirectInputEvents = YES;
				INFOPLIST_KEY_UILaunchStoryboardName = LaunchScreen;
				INFOPLIST_KEY_UIMainStoryboardFile = Main;
				INFOPLIST_KEY_UISupportedInterfaceOrientations_iPad = "UIInterfaceOrientationPortrait UIInterfaceOrientationPortraitUpsideDown UIInterfaceOrientationLandscapeLeft UIInterfaceOrientationLandscapeRight";
				INFOPLIST_KEY_UISupportedInterfaceOrientations_iPhone = "UIInterfaceOrientationPortrait UIInterfaceOrientationLandscapeLeft UIInterfaceOrientationLandscapeRight";
				LD_RUNPATH_SEARCH_PATHS = (
					"$(inherited)",
					"@executable_path/Frameworks",
				);
				MARKETING_VERSION = 1.0;
				PRODUCT_BUNDLE_IDENTIFIER = "com.haz7.a-gg-tid";
				PRODUCT_NAME = "$(TARGET_NAME)";
				SWIFT_EMIT_LOC_STRINGS = YES;
				SWIFT_VERSION = 5.0;
				TARGETED_DEVICE_FAMILY = "1,2";
			};
			name = Debug;
		};
		0AAD0E0328CC80360047591B /* Release */ = {
			isa = XCBuildConfiguration;
			buildSettings = {
				ASSETCATALOG_COMPILER_APPICON_NAME = AppIcon;
				ASSETCATALOG_COMPILER_GLOBAL_ACCENT_COLOR_NAME = AccentColor;
				CODE_SIGN_STYLE = Automatic;
				CURRENT_PROJECT_VERSION = 1;
				GENERATE_INFOPLIST_FILE = YES;
				INFOPLIST_FILE = "ägg tid/Info.plist";
				INFOPLIST_KEY_UIApplicationSupportsIndirectInputEvents = YES;
				INFOPLIST_KEY_UILaunchStoryboardName = LaunchScreen;
				INFOPLIST_KEY_UIMainStoryboardFile = Main;
				INFOPLIST_KEY_UISupportedInterfaceOrientations_iPad = "UIInterfaceOrientationPortrait UIInterfaceOrientationPortraitUpsideDown UIInterfaceOrientationLandscapeLeft UIInterfaceOrientationLandscapeRight";
				INFOPLIST_KEY_UISupportedInterfaceOrientations_iPhone = "UIInterfaceOrientationPortrait UIInterfaceOrientationLandscapeLeft UIInterfaceOrientationLandscapeRight";
				LD_RUNPATH_SEARCH_PATHS = (
					"$(inherited)",
					"@executable_path/Frameworks",
				);
				MARKETING_VERSION = 1.0;
				PRODUCT_BUNDLE_IDENTIFIER = "com.haz7.a-gg-tid";
				PRODUCT_NAME = "$(TARGET_NAME)";
				SWIFT_EMIT_LOC_STRINGS = YES;
				SWIFT_VERSION = 5.0;
				TARGETED_DEVICE_FAMILY = "1,2";
			};
			name = Release;
		};
		0AAD0E0528CC80360047591B /* Debug */ = {
			isa = XCBuildConfiguration;
			buildSettings = {
				ALWAYS_EMBED_SWIFT_STANDARD_LIBRARIES = YES;
				BUNDLE_LOADER = "$(TEST_HOST)";
				CODE_SIGN_STYLE = Automatic;
				CURRENT_PROJECT_VERSION = 1;
				GENERATE_INFOPLIST_FILE = YES;
				IPHONEOS_DEPLOYMENT_TARGET = 15.5;
				MARKETING_VERSION = 1.0;
				PRODUCT_BUNDLE_IDENTIFIER = "com.haz7.a-gg-tidTests";
				PRODUCT_NAME = "$(TARGET_NAME)";
				SWIFT_EMIT_LOC_STRINGS = NO;
				SWIFT_VERSION = 5.0;
				TARGETED_DEVICE_FAMILY = "1,2";
				TEST_HOST = "$(BUILT_PRODUCTS_DIR)/ägg tid.app/ägg tid";
			};
			name = Debug;
		};
		0AAD0E0628CC80360047591B /* Release */ = {
			isa = XCBuildConfiguration;
			buildSettings = {
				ALWAYS_EMBED_SWIFT_STANDARD_LIBRARIES = YES;
				BUNDLE_LOADER = "$(TEST_HOST)";
				CODE_SIGN_STYLE = Automatic;
				CURRENT_PROJECT_VERSION = 1;
				GENERATE_INFOPLIST_FILE = YES;
				IPHONEOS_DEPLOYMENT_TARGET = 15.5;
				MARKETING_VERSION = 1.0;
				PRODUCT_BUNDLE_IDENTIFIER = "com.haz7.a-gg-tidTests";
				PRODUCT_NAME = "$(TARGET_NAME)";
				SWIFT_EMIT_LOC_STRINGS = NO;
				SWIFT_VERSION = 5.0;
				TARGETED_DEVICE_FAMILY = "1,2";
				TEST_HOST = "$(BUILT_PRODUCTS_DIR)/ägg tid.app/ägg tid";
			};
			name = Release;
		};
		0AAD0E0828CC80360047591B /* Debug */ = {
			isa = XCBuildConfiguration;
			buildSettings = {
				ALWAYS_EMBED_SWIFT_STANDARD_LIBRARIES = YES;
				CODE_SIGN_STYLE = Automatic;
				CURRENT_PROJECT_VERSION = 1;
				GENERATE_INFOPLIST_FILE = YES;
				MARKETING_VERSION = 1.0;
				PRODUCT_BUNDLE_IDENTIFIER = "com.haz7.a-gg-tidUITests";
				PRODUCT_NAME = "$(TARGET_NAME)";
				SWIFT_EMIT_LOC_STRINGS = NO;
				SWIFT_VERSION = 5.0;
				TARGETED_DEVICE_FAMILY = "1,2";
				TEST_TARGET_NAME = "ägg tid";
			};
			name = Debug;
		};
		0AAD0E0928CC80360047591B /* Release */ = {
			isa = XCBuildConfiguration;
			buildSettings = {
				ALWAYS_EMBED_SWIFT_STANDARD_LIBRARIES = YES;
				CODE_SIGN_STYLE = Automatic;
				CURRENT_PROJECT_VERSION = 1;
				GENERATE_INFOPLIST_FILE = YES;
				MARKETING_VERSION = 1.0;
				PRODUCT_BUNDLE_IDENTIFIER = "com.haz7.a-gg-tidUITests";
				PRODUCT_NAME = "$(TARGET_NAME)";
				SWIFT_EMIT_LOC_STRINGS = NO;
				SWIFT_VERSION = 5.0;
				TARGETED_DEVICE_FAMILY = "1,2";
				TEST_TARGET_NAME = "ägg tid";
			};
			name = Release;
		};
/* End XCBuildConfiguration section */

/* Begin XCConfigurationList section */
		0AAD0DD228CC80330047591B /* Build configuration list for PBXProject "ägg tid" */ = {
			isa = XCConfigurationList;
			buildConfigurations = (
				0AAD0DFF28CC80360047591B /* Debug */,
				0AAD0E0028CC80360047591B /* Release */,
			);
			defaultConfigurationIsVisible = 0;
			defaultConfigurationName = Release;
		};
		0AAD0E0128CC80360047591B /* Build configuration list for PBXNativeTarget "ägg tid" */ = {
			isa = XCConfigurationList;
			buildConfigurations = (
				0AAD0E0228CC80360047591B /* Debug */,
				0AAD0E0328CC80360047591B /* Release */,
			);
			defaultConfigurationIsVisible = 0;
			defaultConfigurationName = Release;
		};
		0AAD0E0428CC80360047591B /* Build configuration list for PBXNativeTarget "ägg tidTests" */ = {
			isa = XCConfigurationList;
			buildConfigurations = (
				0AAD0E0528CC80360047591B /* Debug */,
				0AAD0E0628CC80360047591B /* Release */,
			);
			defaultConfigurationIsVisible = 0;
			defaultConfigurationName = Release;
		};
		0AAD0E0728CC80360047591B /* Build configuration list for PBXNativeTarget "ägg tidUITests" */ = {
			isa = XCConfigurationList;
			buildConfigurations = (
				0AAD0E0828CC80360047591B /* Debug */,
				0AAD0E0928CC80360047591B /* Release */,
			);
			defaultConfigurationIsVisible = 0;
			defaultConfigurationName = Release;
		};
/* End XCConfigurationList section */
	};
	rootObject = 0AAD0DCF28CC80330047591B /* Project object */;
}
